
Microsoft Visual Studio Solution File, Format Version 12.00
# Visual Studio Version 17
VisualStudioVersion = 17.14.36401.2 d17.14
MinimumVisualStudioVersion = 10.0.40219.1
Project("{FAE04EC0-301F-11D3-BF4B-00C04F79EFBC}") = "RadianceCascade2DGlobalIllumination", "RadianceCascade2DGlobalIllumination.csproj", "{53794B78-B9FB-4C81-B680-4AE91E2B91FF}"
EndProject
Global
	GlobalSection(SolutionConfigurationPlatforms) = preSolution
		Debug|Any CPU = Debug|Any CPU
		Release|Any CPU = Release|Any CPU
	EndGlobalSection
	GlobalSection(ProjectConfigurationPlatforms) = postSolution
		{53794B78-B9FB-4C81-B680-4AE91E2B91FF}.Debug|Any CPU.ActiveCfg = Debug|Any CPU
		{53794B78-B9FB-4C81-B680-4AE91E2B91FF}.Debug|Any CPU.Build.0 = Debug|Any CPU
		{53794B78-B9FB-4C81-B680-4AE91E2B91FF}.Release|Any CPU.ActiveCfg = Release|Any CPU
		{53794B78-B9FB-4C81-B680-4AE91E2B91FF}.Release|Any CPU.Build.0 = Release|Any CPU
	EndGlobalSection
	GlobalSection(SolutionProperties) = preSolution
		HideSolutionNode = FALSE
	EndGlobalSection
	GlobalSection(ExtensibilityGlobals) = postSolution
		SolutionGuid = {7E7A5990-71AA-42DB-82BA-C232EE5C9333}
	EndGlobalSection
EndGlobal
